# This file is automatically @generated by Cargo.
# It is not intended for manual editing.
[[package]]
name = "arc-swap"
version = "0.4.7"
source = "registry+https://github.com/rust-lang/crates.io-index"
checksum = "4d25d88fd6b8041580a654f9d0c581a047baee2b3efee13275f2fc392fc75034"

[[package]]
name = "bitflags"
version = "1.2.1"
source = "registry+https://github.com/rust-lang/crates.io-index"
checksum = "cf1de2fe8c75bc145a2f577add951f8134889b4795d47466a54a5c846d691693"

[[package]]
name = "byteorder"
version = "1.3.4"
source = "registry+https://github.com/rust-lang/crates.io-index"
checksum = "08c48aae112d48ed9f069b33538ea9e3e90aa263cfa3d1c24309612b1f7472de"

[[package]]
name = "derive_more"
version = "0.99.10"
source = "registry+https://github.com/rust-lang/crates.io-index"
checksum = "1dcfabdab475c16a93d669dddfc393027803e347d09663f524447f642fbb84ba"
dependencies = [
 "proc-macro2",
 "quote",
 "syn",
]

[[package]]
name = "kvm-bindings"
version = "0.3.0"
source = "registry+https://github.com/rust-lang/crates.io-index"
checksum = "8f1c07667561c3d12d77342baf28ca5d0f8c3ea2160778485640ec84a4571da2"
dependencies = [
 "vmm-sys-util",
]

[[package]]
name = "kvm-ioctls"
version = "0.5.0"
source = "registry+https://github.com/rust-lang/crates.io-index"
checksum = "d99720f5df3814a7188f095ad6774775b7635dfdd62b7c091ce7e00a51c3c109"
dependencies = [
 "kvm-bindings",
 "libc",
 "vmm-sys-util",
]

[[package]]
name = "kvmlinux"
version = "0.1.0"
dependencies = [
 "byteorder",
 "derive_more",
 "kvm-bindings",
 "kvm-ioctls",
 "libc",
 "signal-hook",
]

[[package]]
name = "libc"
version = "0.2.77"
source = "registry+https://github.com/rust-lang/crates.io-index"
checksum = "f2f96b10ec2560088a8e76961b00d47107b3a625fecb76dedb29ee7ccbf98235"

[[package]]
name = "proc-macro2"
version = "1.0.23"
source = "registry+https://github.com/rust-lang/crates.io-index"
checksum = "51ef7cd2518ead700af67bf9d1a658d90b6037d77110fd9c0445429d0ba1c6c9"
dependencies = [
 "unicode-xid",
]

[[package]]
name = "quote"
version = "1.0.7"
source = "registry+https://github.com/rust-lang/crates.io-index"
checksum = "aa563d17ecb180e500da1cfd2b028310ac758de548efdd203e18f283af693f37"
dependencies = [
 "proc-macro2",
]

[[package]]
name = "signal-hook"
version = "0.1.16"
source = "registry+https://github.com/rust-lang/crates.io-index"
checksum = "604508c1418b99dfe1925ca9224829bb2a8a9a04dda655cc01fcad46f4ab05ed"
dependencies = [
 "libc",
 "signal-hook-registry",
]

[[package]]
name = "signal-hook-registry"
version = "1.2.1"
source = "registry+https://github.com/rust-lang/crates.io-index"
checksum = "a3e12110bc539e657a646068aaf5eb5b63af9d0c1f7b29c97113fad80e15f035"
dependencies = [
 "arc-swap",
 "libc",
]

[[package]]
name = "syn"
version = "1.0.42"
source = "registry+https://github.com/rust-lang/crates.io-index"
checksum = "9c51d92969d209b54a98397e1b91c8ae82d8c87a7bb87df0b29aa2ad81454228"
dependencies = [
 "proc-macro2",
 "quote",
 "unicode-xid",
]

[[package]]
name = "unicode-xid"
version = "0.2.1"
source = "registry+https://github.com/rust-lang/crates.io-index"
checksum = "f7fe0bb3479651439c9112f72b6c505038574c9fbb575ed1bf3b797fa39dd564"

[[package]]
name = "vmm-sys-util"
version = "0.6.1"
source = "registry+https://github.com/rust-lang/crates.io-index"
checksum = "183d25b56a61a6f518ef464ac578e790f04added34dfaab59a453d8a03cb7bd0"
dependencies = [
 "bitflags",
 "libc",
]
